
Microsoft Visual Studio Solution File, Format Version 12.00
# Visual Studio Version 17
VisualStudioVersion = 17.8.34316.72
MinimumVisualStudioVersion = 10.0.40219.1
Project("{2150E333-8FDC-42A3-9474-1A3956D46DE8}") = "Application", "Application", "{45CC108A-BA8E-462B-8553-5DC44914EECE}"
EndProject
Project("{2150E333-8FDC-42A3-9474-1A3956D46DE8}") = "Domain", "Domain", "{1E6F09FF-1E0B-4502-9DA2-AB0DCE92B84D}"
EndProject
Project("{2150E333-8FDC-42A3-9474-1A3956D46DE8}") = "Infra.Data", "Infra.Data", "{4BA7CF9F-DA4F-4231-B10B-9DB1CF6B22DB}"
EndProject
Project("{2150E333-8FDC-42A3-9474-1A3956D46DE8}") = "Infra.IoC", "Infra.IoC", "{C95DB37D-F2FE-46D6-97BC-86C7E86F6307}"
EndProject
Project("{2150E333-8FDC-42A3-9474-1A3956D46DE8}") = "Presentation", "Presentation", "{CEBCD8DC-5E77-4A4A-856F-20968299731C}"
EndProject
Project("{FAE04EC0-301F-11D3-BF4B-00C04F79EFBC}") = "CleanArch.Mvc", "CleanArch.Mvc\CleanArch.Mvc.csproj", "{6F00D0E0-3C08-4EA3-A401-2BCDDC7F6D12}"
EndProject
Global
	GlobalSection(SolutionConfigurationPlatforms) = preSolution
		Debug|Any CPU = Debug|Any CPU
		Release|Any CPU = Release|Any CPU
	EndGlobalSection
	GlobalSection(ProjectConfigurationPlatforms) = postSolution
		{6F00D0E0-3C08-4EA3-A401-2BCDDC7F6D12}.Debug|Any CPU.ActiveCfg = Debug|Any CPU
		{6F00D0E0-3C08-4EA3-A401-2BCDDC7F6D12}.Debug|Any CPU.Build.0 = Debug|Any CPU
		{6F00D0E0-3C08-4EA3-A401-2BCDDC7F6D12}.Release|Any CPU.ActiveCfg = Release|Any CPU
		{6F00D0E0-3C08-4EA3-A401-2BCDDC7F6D12}.Release|Any CPU.Build.0 = Release|Any CPU
	EndGlobalSection
	GlobalSection(SolutionProperties) = preSolution
		HideSolutionNode = FALSE
	EndGlobalSection
	GlobalSection(NestedProjects) = preSolution
		{6F00D0E0-3C08-4EA3-A401-2BCDDC7F6D12} = {CEBCD8DC-5E77-4A4A-856F-20968299731C}
	EndGlobalSection
	GlobalSection(ExtensibilityGlobals) = postSolution
		SolutionGuid = {5656B1EB-010C-4699-8101-1C8A6807712B}
	EndGlobalSection
EndGlobal
